
Microsoft Visual Studio Solution File, Format Version 12.00
# Visual Studio 14
VisualStudioVersion = 14.0.24720.0
MinimumVisualStudioVersion = 10.0.40219.1
Project("{FAE04EC0-301F-11D3-BF4B-00C04F79EFBC}") = "Quiron.LojaVirtual.Dominio", "Quiron.LojaVirtual.Dominio\Quiron.LojaVirtual.Dominio.csproj", "{BD9E6CC2-48B5-4296-9D69-94B0C8C98211}"
EndProject
Project("{FAE04EC0-301F-11D3-BF4B-00C04F79EFBC}") = "Quiron.LojaVirtual.Web", "Quiron.LojaVirtual.Web\Quiron.LojaVirtual.Web.csproj", "{477FA6AC-6506-43AE-BCFE-5B4053B5A885}"
EndProject
Project("{FAE04EC0-301F-11D3-BF4B-00C04F79EFBC}") = "Quiron.LojaVirtual.UnitTest", "Quiron.LojaVirtual.UnitTest\Quiron.LojaVirtual.UnitTest.csproj", "{A914B15E-5DD2-458E-85BB-DE4497DA1E36}"
EndProject
Project("{2150E333-8FDC-42A3-9474-1A3956D46DE8}") = "Solution Items", "Solution Items", "{D328AD00-D557-4068-856D-871AD2CE6BC9}"
	ProjectSection(SolutionItems) = preProject
		Banco\Criação do Banco.sql = Banco\Criação do Banco.sql
		Banco\Insert de Produtos.sql = Banco\Insert de Produtos.sql
	EndProjectSection
EndProject
Global
	GlobalSection(SolutionConfigurationPlatforms) = preSolution
		Debug|Any CPU = Debug|Any CPU
		Release|Any CPU = Release|Any CPU
	EndGlobalSection
	GlobalSection(ProjectConfigurationPlatforms) = postSolution
		{BD9E6CC2-48B5-4296-9D69-94B0C8C98211}.Debug|Any CPU.ActiveCfg = Debug|Any CPU
		{BD9E6CC2-48B5-4296-9D69-94B0C8C98211}.Debug|Any CPU.Build.0 = Debug|Any CPU
		{BD9E6CC2-48B5-4296-9D69-94B0C8C98211}.Release|Any CPU.ActiveCfg = Release|Any CPU
		{BD9E6CC2-48B5-4296-9D69-94B0C8C98211}.Release|Any CPU.Build.0 = Release|Any CPU
		{477FA6AC-6506-43AE-BCFE-5B4053B5A885}.Debug|Any CPU.ActiveCfg = Debug|Any CPU
		{477FA6AC-6506-43AE-BCFE-5B4053B5A885}.Debug|Any CPU.Build.0 = Debug|Any CPU
		{477FA6AC-6506-43AE-BCFE-5B4053B5A885}.Release|Any CPU.ActiveCfg = Release|Any CPU
		{477FA6AC-6506-43AE-BCFE-5B4053B5A885}.Release|Any CPU.Build.0 = Release|Any CPU
		{A914B15E-5DD2-458E-85BB-DE4497DA1E36}.Debug|Any CPU.ActiveCfg = Debug|Any CPU
		{A914B15E-5DD2-458E-85BB-DE4497DA1E36}.Debug|Any CPU.Build.0 = Debug|Any CPU
		{A914B15E-5DD2-458E-85BB-DE4497DA1E36}.Release|Any CPU.ActiveCfg = Release|Any CPU
		{A914B15E-5DD2-458E-85BB-DE4497DA1E36}.Release|Any CPU.Build.0 = Release|Any CPU
	EndGlobalSection
	GlobalSection(SolutionProperties) = preSolution
		HideSolutionNode = FALSE
	EndGlobalSection
EndGlobal
